// !$*UTF8*$!
{
	archiveVersion = 1;
	classes = {
	};
	objectVersion = 48;
	objects = {

/* Begin PBXBuildFile section */
		217AEEBC2098F9BB00DA431F /* AppDelegate.swift in Sources */ = {isa = PBXBuildFile; fileRef = 217AEEBB2098F9BB00DA431F /* AppDelegate.swift */; };
		217AEEC12098F9BB00DA431F /* Main.storyboard in Resources */ = {isa = PBXBuildFile; fileRef = 217AEEBF2098F9BB00DA431F /* Main.storyboard */; };
		217AEEC32098F9BB00DA431F /* Assets.xcassets in Resources */ = {isa = PBXBuildFile; fileRef = 217AEEC22098F9BB00DA431F /* Assets.xcassets */; };
		217AEEC62098F9BB00DA431F /* LaunchScreen.storyboard in Resources */ = {isa = PBXBuildFile; fileRef = 217AEEC42098F9BB00DA431F /* LaunchScreen.storyboard */; };
		217AEECE2098F9D000DA431F /* MarsRoversViewController.swift in Sources */ = {isa = PBXBuildFile; fileRef = 217AEECD2098F9D000DA431F /* MarsRoversViewController.swift */; };
/* End PBXBuildFile section */

/* Begin PBXFileReference section */
		217AEEB82098F9BB00DA431F /* MarsRoversChallange.app */ = {isa = PBXFileReference; explicitFileType = wrapper.application; includeInIndex = 0; path = MarsRoversChallange.app; sourceTree = BUILT_PRODUCTS_DIR; };
		217AEEBB2098F9BB00DA431F /* AppDelegate.swift */ = {isa = PBXFileReference; lastKnownFileType = sourcecode.swift; path = AppDelegate.swift; sourceTree = "<group>"; };
		217AEEC02098F9BB00DA431F /* Base */ = {isa = PBXFileReference; lastKnownFileType = file.storyboard; name = Base; path = Base.lproj/Main.storyboard; sourceTree = "<group>"; };
		217AEEC22098F9BB00DA431F /* Assets.xcassets */ = {isa = PBXFileReference; lastKnownFileType = folder.assetcatalog; path = Assets.xcassets; sourceTree = "<group>"; };
		217AEEC52098F9BB00DA431F /* Base */ = {isa = PBXFileReference; lastKnownFileType = file.storyboard; name = Base; path = Base.lproj/LaunchScreen.storyboard; sourceTree = "<group>"; };
		217AEEC72098F9BB00DA431F /* Info.plist */ = {isa = PBXFileReference; lastKnownFileType = text.plist.xml; path = Info.plist; sourceTree = "<group>"; };
		217AEECD2098F9D000DA431F /* MarsRoversViewController.swift */ = {isa = PBXFileReference; lastKnownFileType = sourcecode.swift; path = MarsRoversViewController.swift; sourceTree = "<group>"; };
/* End PBXFileReference section */

/* Begin PBXFrameworksBuildPhase section */
		217AEEB52098F9BB00DA431F /* Frameworks */ = {
			isa = PBXFrameworksBuildPhase;
			buildActionMask = 2147483647;
			files = (
			);
			runOnlyForDeploymentPostprocessing = 0;
		};
/* End PBXFrameworksBuildPhase section */

/* Begin PBXGroup section */
		217AEEAF2098F9BB00DA431F = {
			isa = PBXGroup;
			children = (
				217AEEBA2098F9BB00DA431F /* MarsRoversChallange */,
				217AEEB92098F9BB00DA431F /* Products */,
			);
			sourceTree = "<group>";
		};
		217AEEB92098F9BB00DA431F /* Products */ = {
			isa = PBXGroup;
			children = (
				217AEEB82098F9BB00DA431F /* MarsRoversChallange.app */,
			);
			name = Products;
			sourceTree = "<group>";
		};
		217AEEBA2098F9BB00DA431F /* MarsRoversChallange */ = {
			isa = PBXGroup;
			children = (
				217AEEBB2098F9BB00DA431F /* AppDelegate.swift */,
				217AEECD2098F9D000DA431F /* MarsRoversViewController.swift */,
				217AEEBF2098F9BB00DA431F /* Main.storyboard */,
				217AEEC22098F9BB00DA431F /* Assets.xcassets */,
				217AEEC42098F9BB00DA431F /* LaunchScreen.storyboard */,
				217AEEC72098F9BB00DA431F /* Info.plist */,
			);
			path = MarsRoversChallange;
			sourceTree = "<group>";
		};
/* End PBXGroup section */

/* Begin PBXNativeTarget section */
		217AEEB72098F9BB00DA431F /* MarsRoversChallange */ = {
			isa = PBXNativeTarget;
			buildConfigurationList = 217AEECA2098F9BB00DA431F /* Build configuration list for PBXNativeTarget "MarsRoversChallange" */;
			buildPhases = (
				217AEEB42098F9BB00DA431F /* Sources */,
				217AEEB52098F9BB00DA431F /* Frameworks */,
				217AEEB62098F9BB00DA431F /* Resources */,
			);
			buildRules = (
			);
			dependencies = (
			);
			name = MarsRoversChallange;
			productName = MarsRoversChallange;
			productReference = 217AEEB82098F9BB00DA431F /* MarsRoversChallange.app */;
			productType = "com.apple.product-type.application";
		};
/* End PBXNativeTarget section */

/* Begin PBXProject section */
		217AEEB02098F9BB00DA431F /* Project object */ = {
			isa = PBXProject;
			attributes = {
				LastSwiftUpdateCheck = 0920;
				LastUpgradeCheck = 0920;
				ORGANIZATIONNAME = Shortlyst;
				TargetAttributes = {
					217AEEB72098F9BB00DA431F = {
						CreatedOnToolsVersion = 9.2;
						ProvisioningStyle = Automatic;
					};
				};
			};
			buildConfigurationList = 217AEEB32098F9BB00DA431F /* Build configuration list for PBXProject "MarsRoversChallange" */;
			compatibilityVersion = "Xcode 8.0";
			developmentRegion = en;
			hasScannedForEncodings = 0;
			knownRegions = (
				en,
				Base,
			);
			mainGroup = 217AEEAF2098F9BB00DA431F;
			productRefGroup = 217AEEB92098F9BB00DA431F /* Products */;
			projectDirPath = "";
			projectRoot = "";
			targets = (
				217AEEB72098F9BB00DA431F /* MarsRoversChallange */,
			);
		};
/* End PBXProject section */

/* Begin PBXResourcesBuildPhase section */
		217AEEB62098F9BB00DA431F /* Resources */ = {
			isa = PBXResourcesBuildPhase;
			buildActionMask = 2147483647;
			files = (
				217AEEC62098F9BB00DA431F /* LaunchScreen.storyboard in Resources */,
				217AEEC32098F9BB00DA431F /* Assets.xcassets in Resources */,
				217AEEC12098F9BB00DA431F /* Main.storyboard in Resources */,
			);
			runOnlyForDeploymentPostprocessing = 0;
		};
/* End PBXResourcesBuildPhase section */

/* Begin PBXSourcesBuildPhase section */
		217AEEB42098F9BB00DA431F /* Sources */ = {
			isa = PBXSourcesBuildPhase;
			buildActionMask = 2147483647;
			files = (
				217AEECE2098F9D000DA431F /* MarsRoversViewController.swift in Sources */,
				217AEEBC2098F9BB00DA431F /* AppDelegate.swift in Sources */,
			);
			runOnlyForDeploymentPostprocessing = 0;
		};
/* End PBXSourcesBuildPhase section */

/* Begin PBXVariantGroup section */
		217AEEBF2098F9BB00DA431F /* Main.storyboard */ = {
			isa = PBXVariantGroup;
			children = (
				217AEEC02098F9BB00DA431F /* Base */,
			);
			name = Main.storyboard;
			sourceTree = "<group>";
		};
		217AEEC42098F9BB00DA431F /* LaunchScreen.storyboard */ = {
			isa = PBXVariantGroup;
			children = (
				217AEEC52098F9BB00DA431F /* Base */,
			);
			name = LaunchScreen.storyboard;
			sourceTree = "<group>";
		};
/* End PBXVariantGroup section */

/* Begin XCBuildConfiguration section */
		217AEEC82098F9BB00DA431F /* Debug */ = {
			isa = XCBuildConfiguration;
			buildSettings = {
				ALWAYS_SEARCH_USER_PATHS = NO;
				CLANG_ANALYZER_NONNULL = YES;
				CLANG_ANALYZER_NUMBER_OBJECT_CONVERSION = YES_AGGRESSIVE;
				CLANG_CXX_LANGUAGE_STANDARD = "gnu++14";
				CLANG_CXX_LIBRARY = "libc++";
				CLANG_ENABLE_MODULES = YES;
				CLANG_ENABLE_OBJC_ARC = YES;
				CLANG_WARN_BLOCK_CAPTURE_AUTORELEASING = YES;
				CLANG_WARN_BOOL_CONVERSION = YES;
				CLANG_WARN_COMMA = YES;
				CLANG_WARN_CONSTANT_CONVERSION = YES;
				CLANG_WARN_DIRECT_OBJC_ISA_USAGE = YES_ERROR;
				CLANG_WARN_DOCUMENTATION_COMMENTS = YES;
				CLANG_WARN_EMPTY_BODY = YES;
				CLANG_WARN_ENUM_CONVERSION = YES;
				CLANG_WARN_INFINITE_RECURSION = YES;
				CLANG_WARN_INT_CONVERSION = YES;
				CLANG_WARN_NON_LITERAL_NULL_CONVERSION = YES;
				CLANG_WARN_OBJC_LITERAL_CONVERSION = YES;
				CLANG_WARN_OBJC_ROOT_CLASS = YES_ERROR;
				CLANG_WARN_RANGE_LOOP_ANALYSIS = YES;
				CLANG_WARN_STRICT_PROTOTYPES = YES;
				CLANG_WARN_SUSPICIOUS_MOVE = YES;
				CLANG_WARN_UNGUARDED_AVAILABILITY = YES_AGGRESSIVE;
				CLANG_WARN_UNREACHABLE_CODE = YES;
				CLANG_WARN__DUPLICATE_METHOD_MATCH = YES;
				CODE_SIGN_IDENTITY = "iPhone Developer";
				COPY_PHASE_STRIP = NO;
				DEBUG_INFORMATION_FORMAT = dwarf;
				ENABLE_STRICT_OBJC_MSGSEND = YES;
				ENABLE_TESTABILITY = YES;
				GCC_C_LANGUAGE_STANDARD = gnu11;
				GCC_DYNAMIC_NO_PIC = NO;
				GCC_NO_COMMON_BLOCKS = YES;
				GCC_OPTIMIZATION_LEVEL = 0;
				GCC_PREPROCESSOR_DEFINITIONS = (
					"DEBUG=1",
					"$(inherited)",
				);
				GCC_WARN_64_TO_32_BIT_CONVERSION = YES;
				GCC_WARN_ABOUT_RETURN_TYPE = YES_ERROR;
				GCC_WARN_UNDECLARED_SELECTOR = YES;
				GCC_WARN_UNINITIALIZED_AUTOS = YES_AGGRESSIVE;
				GCC_WARN_UNUSED_FUNCTION = YES;
				GCC_WARN_UNUSED_VARIABLE = YES;
				IPHONEOS_DEPLOYMENT_TARGET = 11.2;
				MTL_ENABLE_DEBUG_INFO = YES;
				ONLY_ACTIVE_ARCH = YES;
				SDKROOT = iphoneos;
				SWIFT_ACTIVE_COMPILATION_CONDITIONS = DEBUG;
				SWIFT_OPTIMIZATION_LEVEL = "-Onone";
			};
			name = Debug;
		};
		217AEEC92098F9BB00DA431F /* Release */ = {
			isa = XCBuildConfiguration;
			buildSettings = {
				ALWAYS_SEARCH_USER_PATHS = NO;
				CLANG_ANALYZER_NONNULL = YES;
				CLANG_ANALYZER_NUMBER_OBJECT_CONVERSION = YES_AGGRESSIVE;
				CLANG_CXX_LANGUAGE_STANDARD = "gnu++14";
				CLANG_CXX_LIBRARY = "libc++";
				CLANG_ENABLE_MODULES = YES;
				CLANG_ENABLE_OBJC_ARC = YES;
				CLANG_WARN_BLOCK_CAPTURE_AUTORELEASING = YES;
				CLANG_WARN_BOOL_CONVERSION = YES;
				CLANG_WARN_COMMA = YES;
				CLANG_WARN_CONSTANT_CONVERSION = YES;
				CLANG_WARN_DIRECT_OBJC_ISA_USAGE = YES_ERROR;
				CLANG_WARN_DOCUMENTATION_COMMENTS = YES;
				CLANG_WARN_EMPTY_BODY = YES;
				CLANG_WARN_ENUM_CONVERSION = YES;
				CLANG_WARN_INFINITE_RECURSION = YES;
				CLANG_WARN_INT_CONVERSION = YES;
				CLANG_WARN_NON_LITERAL_NULL_CONVERSION = YES;
				CLANG_WARN_OBJC_LITERAL_CONVERSION = YES;
				CLANG_WARN_OBJC_ROOT_CLASS = YES_ERROR;
				CLANG_WARN_RANGE_LOOP_ANALYSIS = YES;
				CLANG_WARN_STRICT_PROTOTYPES = YES;
				CLANG_WARN_SUSPICIOUS_MOVE = YES;
				CLANG_WARN_UNGUARDED_AVAILABILITY = YES_AGGRESSIVE;
				CLANG_WARN_UNREACHABLE_CODE = YES;
				CLANG_WARN__DUPLICATE_METHOD_MATCH = YES;
				CODE_SIGN_IDENTITY = "iPhone Developer";
				COPY_PHASE_STRIP = NO;
				DEBUG_INFORMATION_FORMAT = "dwarf-with-dsym";
				ENABLE_NS_ASSERTIONS = NO;
				ENABLE_STRICT_OBJC_MSGSEND = YES;
				GCC_C_LANGUAGE_STANDARD = gnu11;
				GCC_NO_COMMON_BLOCKS = YES;
				GCC_WARN_64_TO_32_BIT_CONVERSION = YES;
				GCC_WARN_ABOUT_RETURN_TYPE = YES_ERROR;
				GCC_WARN_UNDECLARED_SELECTOR = YES;
				GCC_WARN_UNINITIALIZED_AUTOS = YES_AGGRESSIVE;
				GCC_WARN_UNUSED_FUNCTION = YES;
				GCC_WARN_UNUSED_VARIABLE = YES;
				IPHONEOS_DEPLOYMENT_TARGET = 11.2;
				MTL_ENABLE_DEBUG_INFO = NO;
				SDKROOT = iphoneos;
				SWIFT_OPTIMIZATION_LEVEL = "-Owholemodule";
				VALIDATE_PRODUCT = YES;
			};
			name = Release;
		};
		217AEECB2098F9BB00DA431F /* Debug */ = {
			isa = XCBuildConfiguration;
			buildSettings = {
				ASSETCATALOG_COMPILER_APPICON_NAME = AppIcon;
				CODE_SIGN_STYLE = Automatic;
				INFOPLIST_FILE = MarsRoversChallange/Info.plist;
				LD_RUNPATH_SEARCH_PATHS = "$(inherited) @executable_path/Frameworks";
				PRODUCT_BUNDLE_IDENTIFIER = com.shortlyst.MarsRoversChallange;
				PRODUCT_NAME = "$(TARGET_NAME)";
				SWIFT_VERSION = 4.0;
				TARGETED_DEVICE_FAMILY = "1,2";
			};
			name = Debug;
		};
		217AEECC2098F9BB00DA431F /* Release */ = {
			isa = XCBuildConfiguration;
			buildSettings = {
				ASSETCATALOG_COMPILER_APPICON_NAME = AppIcon;
				CODE_SIGN_STYLE = Automatic;
				INFOPLIST_FILE = MarsRoversChallange/Info.plist;
				LD_RUNPATH_SEARCH_PATHS = "$(inherited) @executable_path/Frameworks";
				PRODUCT_BUNDLE_IDENTIFIER = com.shortlyst.MarsRoversChallange;
				PRODUCT_NAME = "$(TARGET_NAME)";
				SWIFT_VERSION = 4.0;
				TARGETED_DEVICE_FAMILY = "1,2";
			};
			name = Release;
		};
/* End XCBuildConfiguration section */

/* Begin XCConfigurationList section */
		217AEEB32098F9BB00DA431F /* Build configuration list for PBXProject "MarsRoversChallange" */ = {
			isa = XCConfigurationList;
			buildConfigurations = (
				217AEEC82098F9BB00DA431F /* Debug */,
				217AEEC92098F9BB00DA431F /* Release */,
			);
			defaultConfigurationIsVisible = 0;
			defaultConfigurationName = Release;
		};
		217AEECA2098F9BB00DA431F /* Build configuration list for PBXNativeTarget "MarsRoversChallange" */ = {
			isa = XCConfigurationList;
			buildConfigurations = (
				217AEECB2098F9BB00DA431F /* Debug */,
				217AEECC2098F9BB00DA431F /* Release */,
			);
			defaultConfigurationIsVisible = 0;
			defaultConfigurationName = Release;
		};
/* End XCConfigurationList section */
	};
	rootObject = 217AEEB02098F9BB00DA431F /* Project object */;
}
